
Microsoft Visual Studio Solution File, Format Version 12.00
# Visual Studio Version 17
VisualStudioVersion = 17.10.35013.160
MinimumVisualStudioVersion = 10.0.40219.1
Project("{F14B399A-7131-4C87-9E4B-1186C45EF12D}") = "EgyptReport", "EgyptReport\EgyptReport.rptproj", "{EC8E679D-2409-46A2-92B9-6CD7EC362AFF}"
EndProject
Global
	GlobalSection(SolutionConfigurationPlatforms) = preSolution
		Debug|Default = Debug|Default
		DebugLocal|Default = DebugLocal|Default
		Release|Default = Release|Default
	EndGlobalSection
	GlobalSection(ProjectConfigurationPlatforms) = postSolution
		{EC8E679D-2409-46A2-92B9-6CD7EC362AFF}.Debug|Default.ActiveCfg = Debug
		{EC8E679D-2409-46A2-92B9-6CD7EC362AFF}.Debug|Default.Build.0 = Debug
		{EC8E679D-2409-46A2-92B9-6CD7EC362AFF}.Debug|Default.Deploy.0 = Debug
		{EC8E679D-2409-46A2-92B9-6CD7EC362AFF}.DebugLocal|Default.ActiveCfg = DebugLocal
		{EC8E679D-2409-46A2-92B9-6CD7EC362AFF}.DebugLocal|Default.Build.0 = DebugLocal
		{EC8E679D-2409-46A2-92B9-6CD7EC362AFF}.Release|Default.ActiveCfg = Release
		{EC8E679D-2409-46A2-92B9-6CD7EC362AFF}.Release|Default.Build.0 = Release
		{EC8E679D-2409-46A2-92B9-6CD7EC362AFF}.Release|Default.Deploy.0 = Release
	EndGlobalSection
	GlobalSection(SolutionProperties) = preSolution
		HideSolutionNode = FALSE
	EndGlobalSection
	GlobalSection(ExtensibilityGlobals) = postSolution
		SolutionGuid = {D443AEDC-336D-435D-AC13-79D3200F8308}
	EndGlobalSection
EndGlobal
